<?xml version="1.0" encoding="utf-8"?>
<Project ToolsVersion="4.0" xmlns="http://schemas.microsoft.com/developer/msbuild/2003">
  <ItemGroup>
    <Filter Include="Source Files">
      <UniqueIdentifier>{4FC737F1-C7A5-4376-A066-2A32D752A2FF}</UniqueIdentifier>
      <Extensions>cpp;c;cc;cxx;c++;cppm;ixx;def;odl;idl;hpj;bat;asm;asmx</Extensions>
    </Filter>
    <Filter Include="Header Files">
      <UniqueIdentifier>{93995380-89BD-4b04-88EB-625FBE52EBFB}</UniqueIdentifier>
      <Extensions>h;hh;hpp;hxx;h++;hm;inl;inc;ipp;xsd</Extensions>
    </Filter>
    <Filter Include="Resource Files">
      <UniqueIdentifier>{67DA6AB6-F800-4c08-8B7A-83BB121AAD01}</UniqueIdentifier>
      <Extensions>rc;ico;cur;bmp;dlg;rc2;rct;bin;rgs;gif;jpg;jpeg;jpe;resx;tiff;tif;png;wav;mfcribbon-ms</Extensions>
    </Filter>
    <Filter Include="ADTs">
      <UniqueIdentifier>{f4591653-6644-4aca-9705-450f82ac5b6b}</UniqueIdentifier>
    </Filter>
    <Filter Include="ADTs Implementation">
      <UniqueIdentifier>{2adc956a-08a9-45b2-a16d-20f5cc0e2adb}</UniqueIdentifier>
    </Filter>
  </ItemGroup>
  <ItemGroup>
    <ClInclude Include="Event.h">
      <Filter>Header Files</Filter>
    </ClInclude>
    <ClInclude Include="Pickable.h">
      <Filter>Header Files</Filter>
    </ClInclude>
    <ClInclude Include="Elevator.h">
      <Filter>Header Files</Filter>
    </ClInclude>
    <ClInclude Include="Floor.h">
      <Filter>Header Files</Filter>
    </ClInclude>
    <ClInclude Include="Hospital.h">
      <Filter>Header Files</Filter>
    </ClInclude>
    <ClInclude Include="UI.h">
      <Filter>Header Files</Filter>
    </ClInclude>
    <ClInclude Include="Bag.h">
      <Filter>ADTs</Filter>
    </ClInclude>
    <ClInclude Include="Queue.h">
      <Filter>ADTs</Filter>
    </ClInclude>
    <ClInclude Include="Heap.h">
      <Filter>ADTs</Filter>
    </ClInclude>
    <ClInclude Include="QNode.h">
      <Filter>ADTs</Filter>
    </ClInclude>
    <ClInclude Include="ArrayBag.h">
      <Filter>ADTs</Filter>
    </ClInclude>
    <ClInclude Include="LinkedQueue.h">
      <Filter>ADTs</Filter>
    </ClInclude>
    <ClInclude Include="EventArrival.h">
      <Filter>Header Files</Filter>
    </ClInclude>
    <ClInclude Include="HeapNode.h">
      <Filter>ADTs</Filter>
    </ClInclude>
    <ClInclude Include="Defs.h">
      <Filter>Header Files</Filter>
    </ClInclude>
    <ClInclude Include="LinkedHeap.h">
      <Filter>ADTs</Filter>
    </ClInclude>
  </ItemGroup>
  <ItemGroup>
    <ClCompile Include="Event.cpp">
      <Filter>Resource Files</Filter>
    </ClCompile>
    <ClCompile Include="Pickable.cpp">
      <Filter>Resource Files</Filter>
    </ClCompile>
    <ClCompile Include="Elevator.cpp">
      <Filter>Resource Files</Filter>
    </ClCompile>
    <ClCompile Include="Floor.cpp">
      <Filter>Resource Files</Filter>
    </ClCompile>
    <ClCompile Include="Hospital.cpp">
      <Filter>Resource Files</Filter>
    </ClCompile>
    <ClCompile Include="UI.cpp">
      <Filter>Resource Files</Filter>
    </ClCompile>
    <ClCompile Include="ArrayBag.cpp">
      <Filter>ADTs Implementation</Filter>
    </ClCompile>
    <ClCompile Include="LinkedHeap.cpp">
      <Filter>ADTs Implementation</Filter>
    </ClCompile>
    <ClCompile Include="LinkedQueue.cpp">
      <Filter>ADTs Implementation</Filter>
    </ClCompile>
    <ClCompile Include="Main.cpp">
      <Filter>Source Files</Filter>
    </ClCompile>
    <ClCompile Include="EventArrival.cpp">
      <Filter>Resource Files</Filter>
    </ClCompile>
  </ItemGroup>
</Project>